// !$*UTF8*$!
{
	archiveVersion = 1;
	classes = {
	};
	objectVersion = 46;
	objects = {

/* Begin PBXBuildFile section */
		027E08161D41481800921176 /* RNTaplytics.h in CopyFiles */ = {isa = PBXBuildFile; fileRef = 027E08151D41481800921176 /* RNTaplytics.h */; };
		027E08181D41481800921176 /* RNTaplytics.m in Sources */ = {isa = PBXBuildFile; fileRef = 027E08171D41481800921176 /* RNTaplytics.m */; };
/* End PBXBuildFile section */

/* Begin PBXCopyFilesBuildPhase section */
		027E08101D41481800921176 /* CopyFiles */ = {
			isa = PBXCopyFilesBuildPhase;
			buildActionMask = 2147483647;
			dstPath = "include/$(PRODUCT_NAME)";
			dstSubfolderSpec = 16;
			files = (
				027E08161D41481800921176 /* RNTaplytics.h in CopyFiles */,
			);
			runOnlyForDeploymentPostprocessing = 0;
		};
/* End PBXCopyFilesBuildPhase section */

/* Begin PBXFileReference section */
		027E08121D41481800921176 /* libRNTaplytics.a */ = {isa = PBXFileReference; explicitFileType = archive.ar; includeInIndex = 0; path = libRNTaplytics.a; sourceTree = BUILT_PRODUCTS_DIR; };
		027E08151D41481800921176 /* RNTaplytics.h */ = {isa = PBXFileReference; lastKnownFileType = sourcecode.c.h; path = RNTaplytics.h; sourceTree = "<group>"; };
		027E08171D41481800921176 /* RNTaplytics.m */ = {isa = PBXFileReference; lastKnownFileType = sourcecode.c.objc; path = RNTaplytics.m; sourceTree = "<group>"; };
/* End PBXFileReference section */

/* Begin PBXFrameworksBuildPhase section */
		027E080F1D41481800921176 /* Frameworks */ = {
			isa = PBXFrameworksBuildPhase;
			buildActionMask = 2147483647;
			files = (
			);
			runOnlyForDeploymentPostprocessing = 0;
		};
/* End PBXFrameworksBuildPhase section */

/* Begin PBXGroup section */
		027E08091D41481800921176 = {
			isa = PBXGroup;
			children = (
				027E08141D41481800921176 /* RNTaplytics */,
				027E08131D41481800921176 /* Products */,
			);
			sourceTree = "<group>";
		};
		027E08131D41481800921176 /* Products */ = {
			isa = PBXGroup;
			children = (
				027E08121D41481800921176 /* libRNTaplytics.a */,
			);
			name = Products;
			sourceTree = "<group>";
		};
		027E08141D41481800921176 /* RNTaplytics */ = {
			isa = PBXGroup;
			children = (
				027E08151D41481800921176 /* RNTaplytics.h */,
				027E08171D41481800921176 /* RNTaplytics.m */,
			);
			path = RNTaplytics;
			sourceTree = "<group>";
		};
/* End PBXGroup section */

/* Begin PBXNativeTarget section */
		027E08111D41481800921176 /* RNTaplytics */ = {
			isa = PBXNativeTarget;
			buildConfigurationList = 027E081B1D41481800921176 /* Build configuration list for PBXNativeTarget "RNTaplytics" */;
			buildPhases = (
				027E080E1D41481800921176 /* Sources */,
				027E080F1D41481800921176 /* Frameworks */,
				027E08101D41481800921176 /* CopyFiles */,
			);
			buildRules = (
			);
			dependencies = (
			);
			name = RNTaplytics;
			productName = RNTaplytics;
			productReference = 027E08121D41481800921176 /* libRNTaplytics.a */;
			productType = "com.apple.product-type.library.static";
		};
/* End PBXNativeTarget section */

/* Begin PBXProject section */
		027E080A1D41481800921176 /* Project object */ = {
			isa = PBXProject;
			attributes = {
				LastUpgradeCheck = 0720;
				ORGANIZATIONNAME = Magoosh;
				TargetAttributes = {
					027E08111D41481800921176 = {
						CreatedOnToolsVersion = 7.2.1;
					};
				};
			};
			buildConfigurationList = 027E080D1D41481800921176 /* Build configuration list for PBXProject "RNTaplytics" */;
			compatibilityVersion = "Xcode 3.2";
			developmentRegion = English;
			hasScannedForEncodings = 0;
			knownRegions = (
				en,
			);
			mainGroup = 027E08091D41481800921176;
			productRefGroup = 027E08131D41481800921176 /* Products */;
			projectDirPath = "";
			projectRoot = "";
			targets = (
				027E08111D41481800921176 /* RNTaplytics */,
			);
		};
/* End PBXProject section */

/* Begin PBXSourcesBuildPhase section */
		027E080E1D41481800921176 /* Sources */ = {
			isa = PBXSourcesBuildPhase;
			buildActionMask = 2147483647;
			files = (
				027E08181D41481800921176 /* RNTaplytics.m in Sources */,
			);
			runOnlyForDeploymentPostprocessing = 0;
		};
/* End PBXSourcesBuildPhase section */

/* Begin XCBuildConfiguration section */
		027E08191D41481800921176 /* Debug */ = {
			isa = XCBuildConfiguration;
			buildSettings = {
				ALWAYS_SEARCH_USER_PATHS = NO;
				CLANG_CXX_LANGUAGE_STANDARD = "gnu++0x";
				CLANG_CXX_LIBRARY = "libc++";
				CLANG_ENABLE_MODULES = YES;
				CLANG_ENABLE_OBJC_ARC = YES;
				CLANG_WARN_BOOL_CONVERSION = YES;
				CLANG_WARN_CONSTANT_CONVERSION = YES;
				CLANG_WARN_DIRECT_OBJC_ISA_USAGE = YES_ERROR;
				CLANG_WARN_EMPTY_BODY = YES;
				CLANG_WARN_ENUM_CONVERSION = YES;
				CLANG_WARN_INT_CONVERSION = YES;
				CLANG_WARN_OBJC_ROOT_CLASS = YES_ERROR;
				CLANG_WARN_UNREACHABLE_CODE = YES;
				CLANG_WARN__DUPLICATE_METHOD_MATCH = YES;
				"CODE_SIGN_IDENTITY[sdk=iphoneos*]" = "iPhone Developer";
				COPY_PHASE_STRIP = NO;
				DEBUG_INFORMATION_FORMAT = dwarf;
				ENABLE_STRICT_OBJC_MSGSEND = YES;
				ENABLE_TESTABILITY = YES;
				GCC_C_LANGUAGE_STANDARD = gnu99;
				GCC_DYNAMIC_NO_PIC = NO;
				GCC_NO_COMMON_BLOCKS = YES;
				GCC_OPTIMIZATION_LEVEL = 0;
				GCC_PREPROCESSOR_DEFINITIONS = (
					"DEBUG=1",
					"$(inherited)",
				);
				GCC_WARN_64_TO_32_BIT_CONVERSION = YES;
				GCC_WARN_ABOUT_RETURN_TYPE = YES_ERROR;
				GCC_WARN_UNDECLARED_SELECTOR = YES;
				GCC_WARN_UNINITIALIZED_AUTOS = YES_AGGRESSIVE;
				GCC_WARN_UNUSED_FUNCTION = YES;
				GCC_WARN_UNUSED_VARIABLE = YES;
				HEADER_SEARCH_PATHS = (
					"$(inherited)",
					"$(SRCROOT)/../taplytics-ios-sdk/Taplytics.framework/Headers",
					"$(SRCROOT)/../../node_modules/react-native/React",
					"$(SRCROOT)/../../React",
					/Applications/Xcode.app/Contents/Developer/Toolchains/XcodeDefault.xctoolchain/usr/include,
				);
				IPHONEOS_DEPLOYMENT_TARGET = 9.2;
				MTL_ENABLE_DEBUG_INFO = YES;
				ONLY_ACTIVE_ARCH = YES;
				SDKROOT = iphoneos;
			};
			name = Debug;
		};
		027E081A1D41481800921176 /* Release */ = {
			isa = XCBuildConfiguration;
			buildSettings = {
				ALWAYS_SEARCH_USER_PATHS = NO;
				CLANG_CXX_LANGUAGE_STANDARD = "gnu++0x";
				CLANG_CXX_LIBRARY = "libc++";
				CLANG_ENABLE_MODULES = YES;
				CLANG_ENABLE_OBJC_ARC = YES;
				CLANG_WARN_BOOL_CONVERSION = YES;
				CLANG_WARN_CONSTANT_CONVERSION = YES;
				CLANG_WARN_DIRECT_OBJC_ISA_USAGE = YES_ERROR;
				CLANG_WARN_EMPTY_BODY = YES;
				CLANG_WARN_ENUM_CONVERSION = YES;
				CLANG_WARN_INT_CONVERSION = YES;
				CLANG_WARN_OBJC_ROOT_CLASS = YES_ERROR;
				CLANG_WARN_UNREACHABLE_CODE = YES;
				CLANG_WARN__DUPLICATE_METHOD_MATCH = YES;
				"CODE_SIGN_IDENTITY[sdk=iphoneos*]" = "iPhone Developer";
				COPY_PHASE_STRIP = NO;
				DEBUG_INFORMATION_FORMAT = "dwarf-with-dsym";
				ENABLE_NS_ASSERTIONS = NO;
				ENABLE_STRICT_OBJC_MSGSEND = YES;
				GCC_C_LANGUAGE_STANDARD = gnu99;
				GCC_NO_COMMON_BLOCKS = YES;
				GCC_WARN_64_TO_32_BIT_CONVERSION = YES;
				GCC_WARN_ABOUT_RETURN_TYPE = YES_ERROR;
				GCC_WARN_UNDECLARED_SELECTOR = YES;
				GCC_WARN_UNINITIALIZED_AUTOS = YES_AGGRESSIVE;
				GCC_WARN_UNUSED_FUNCTION = YES;
				GCC_WARN_UNUSED_VARIABLE = YES;
				HEADER_SEARCH_PATHS = (
					"$(inherited)",
					"$(SRCROOT)/../taplytics-ios-sdk/Taplytics.framework/Headers/Taplytics",
					"$(SRCROOT)/../../node_modules/react-native/React",
					"$(SRCROOT)/../../React",
					/Applications/Xcode.app/Contents/Developer/Toolchains/XcodeDefault.xctoolchain/usr/include,
				);
				IPHONEOS_DEPLOYMENT_TARGET = 9.2;
				MTL_ENABLE_DEBUG_INFO = NO;
				SDKROOT = iphoneos;
				VALIDATE_PRODUCT = YES;
			};
			name = Release;
		};
		027E081C1D41481800921176 /* Debug */ = {
			isa = XCBuildConfiguration;
			buildSettings = {
				HEADER_SEARCH_PATHS = (
					"$(inherited)",
					"/Applications/Xcode.app/Contents/Developer/Toolchains/XcodeDefault.xctoolchain/usr/include/**",
					"$(SRCROOT)/taplytics-ios-sdk/Taplytics.framework/Headers/**",
					"$(SRCROOT)/../../node_modules/react-native/React/**",
					"$(SRCROOT)/../../React/**",
					"$(SRCROOT)/../node_modules/react-native/React/**",
					"$(SRCROOT)/node_modules/react-native/React/**",
				);
				OTHER_LDFLAGS = "-ObjC";
				PRODUCT_NAME = "$(TARGET_NAME)";
				SKIP_INSTALL = YES;
			};
			name = Debug;
		};
		027E081D1D41481800921176 /* Release */ = {
			isa = XCBuildConfiguration;
			buildSettings = {
				HEADER_SEARCH_PATHS = (
					"$(inherited)",
					"/Applications/Xcode.app/Contents/Developer/Toolchains/XcodeDefault.xctoolchain/usr/include/**",
					"$(SRCROOT)/taplytics-ios-sdk/Taplytics.framework/Headers/**",
					"$(SRCROOT)/../../node_modules/react-native/React/**",
					"$(SRCROOT)/../../React/**",
					"$(SRCROOT)/../node_modules/react-native/React/**",
					"$(SRCROOT)/node_modules/react-native/React/**",
				);
				OTHER_LDFLAGS = "-ObjC";
				PRODUCT_NAME = "$(TARGET_NAME)";
				SKIP_INSTALL = YES;
			};
			name = Release;
		};
/* End XCBuildConfiguration section */

/* Begin XCConfigurationList section */
		027E080D1D41481800921176 /* Build configuration list for PBXProject "RNTaplytics" */ = {
			isa = XCConfigurationList;
			buildConfigurations = (
				027E08191D41481800921176 /* Debug */,
				027E081A1D41481800921176 /* Release */,
			);
			defaultConfigurationIsVisible = 0;
			defaultConfigurationName = Release;
		};
		027E081B1D41481800921176 /* Build configuration list for PBXNativeTarget "RNTaplytics" */ = {
			isa = XCConfigurationList;
			buildConfigurations = (
				027E081C1D41481800921176 /* Debug */,
				027E081D1D41481800921176 /* Release */,
			);
			defaultConfigurationIsVisible = 0;
			defaultConfigurationName = Release;
		};
/* End XCConfigurationList section */
	};
	rootObject = 027E080A1D41481800921176 /* Project object */;
}
